<?xml version="1.0" encoding="utf-8"?>
<Project ToolsVersion="4.0" xmlns="http://schemas.microsoft.com/developer/msbuild/2003">
  <ItemGroup>
    <Filter Include="Source Files">
      <UniqueIdentifier>{4FC737F1-C7A5-4376-A066-2A32D752A2FF}</UniqueIdentifier>
      <Extensions>cpp;c;cc;cxx;def;odl;idl;hpj;bat;asm;asmx</Extensions>
    </Filter>
    <Filter Include="Header Files">
      <UniqueIdentifier>{93995380-89BD-4b04-88EB-625FBE52EBFB}</UniqueIdentifier>
      <Extensions>h;hpp;hxx;hm;inl;inc;xsd</Extensions>
    </Filter>
    <Filter Include="Resource Files">
      <UniqueIdentifier>{67DA6AB6-F800-4c08-8B7A-83BB121AAD01}</UniqueIdentifier>
      <Extensions>rc;ico;cur;bmp;dlg;rc2;rct;bin;rgs;gif;jpg;jpeg;jpe;resx;tiff;tif;png;wav;mfcribbon-ms</Extensions>
    </Filter>
    <Filter Include="Shaders">
      <UniqueIdentifier>{1a2c15b8-b01c-4393-9557-615ffb94d199}</UniqueIdentifier>
    </Filter>
    <Filter Include="SceneGraph">
      <UniqueIdentifier>{db4ba63d-b396-40d7-b858-ea45c7a77965}</UniqueIdentifier>
    </Filter>
  </ItemGroup>
  <ItemGroup>
    <ClCompile Include="..\Source\Main.cpp">
      <Filter>Source Files</Filter>
    </ClCompile>
    <ClCompile Include="..\Source\Renderer.cpp">
      <Filter>Source Files</Filter>
    </ClCompile>
    <ClCompile Include="..\Source\ShaderGLSL.cpp">
      <Filter>Source Files</Filter>
    </ClCompile>
    <ClCompile Include="..\Source\HelpLib.cpp">
      <Filter>Source Files</Filter>
    </ClCompile>
    <ClCompile Include="..\Source\OBJLoader.cpp">
      <Filter>Source Files</Filter>
    </ClCompile>
    <ClCompile Include="..\Source\OBJMaterial.cpp">
      <Filter>Source Files</Filter>
    </ClCompile>
    <ClCompile Include="..\Source\OGLMesh.cpp">
      <Filter>Source Files</Filter>
    </ClCompile>
    <ClCompile Include="..\Source\SceneGraph\Root.cpp">
      <Filter>SceneGraph</Filter>
    </ClCompile>
    <ClCompile Include="..\Source\SceneGraph\GroupNode.cpp">
      <Filter>SceneGraph</Filter>
    </ClCompile>
    <ClCompile Include="..\Source\SceneGraph\Node.cpp">
      <Filter>SceneGraph</Filter>
    </ClCompile>
    <ClCompile Include="..\Source\SceneGraph\TransformNode.cpp">
      <Filter>SceneGraph</Filter>
    </ClCompile>
    <ClCompile Include="..\Source\SceneGraph\GeometryNode.cpp">
      <Filter>SceneGraph</Filter>
    </ClCompile>
  </ItemGroup>
  <ItemGroup>
    <ClInclude Include="..\Source\Renderer.h">
      <Filter>Header Files</Filter>
    </ClInclude>
    <ClInclude Include="..\Source\ShaderGLSL.h">
      <Filter>Header Files</Filter>
    </ClInclude>
    <ClInclude Include="..\Source\HelpLib.h">
      <Filter>Header Files</Filter>
    </ClInclude>
    <ClInclude Include="..\Source\OBJLoader.h">
      <Filter>Header Files</Filter>
    </ClInclude>
    <ClInclude Include="..\Source\OBJMaterial.h">
      <Filter>Header Files</Filter>
    </ClInclude>
    <ClInclude Include="..\Source\OGLMesh.h">
      <Filter>Header Files</Filter>
    </ClInclude>
    <ClInclude Include="..\Source\SceneGraph\Root.h">
      <Filter>SceneGraph</Filter>
    </ClInclude>
    <ClInclude Include="..\Source\SceneGraph\GroupNode.h">
      <Filter>SceneGraph</Filter>
    </ClInclude>
    <ClInclude Include="..\Source\SceneGraph\Node.h">
      <Filter>SceneGraph</Filter>
    </ClInclude>
    <ClInclude Include="..\Source\SceneGraph\TransformNode.h">
      <Filter>SceneGraph</Filter>
    </ClInclude>
    <ClInclude Include="..\Source\SceneGraph\GeometryNode.h">
      <Filter>SceneGraph</Filter>
    </ClInclude>
    <ClInclude Include="..\Source\Light.h">
      <Filter>Header Files</Filter>
    </ClInclude>
    <ClInclude Include="..\Source\Shaders.h">
      <Filter>Header Files</Filter>
    </ClInclude>
  </ItemGroup>
  <ItemGroup>
    <None Include="..\Shaders\DirectionalLight.frag">
      <Filter>Shaders</Filter>
    </None>
    <None Include="..\Shaders\DirectionalLight.vert">
      <Filter>Shaders</Filter>
    </None>
    <None Include="..\Shaders\OmniLight.frag">
      <Filter>Shaders</Filter>
    </None>
    <None Include="..\Shaders\OmniLight.vert">
      <Filter>Shaders</Filter>
    </None>
    <None Include="..\Shaders\BasicGeometry.frag">
      <Filter>Shaders</Filter>
    </None>
    <None Include="..\Shaders\BasicGeometry.vert">
      <Filter>Shaders</Filter>
    </None>
  </ItemGroup>
</Project>